
Microsoft Visual Studio Solution File, Format Version 12.00
# Visual Studio Version 17
VisualStudioVersion = 17.10.35013.160
MinimumVisualStudioVersion = 10.0.40219.1
Project("{FAE04EC0-301F-11D3-BF4B-00C04F79EFBC}") = "Topic 7 Assignment - For Loops", "Topic 7 Assignment - For Loops\Topic 7 Assignment - For Loops.csproj", "{21BC57E9-7F5E-45EF-9BB3-200DC6511CA0}"
EndProject
Global
	GlobalSection(SolutionConfigurationPlatforms) = preSolution
		Debug|Any CPU = Debug|Any CPU
		Release|Any CPU = Release|Any CPU
	EndGlobalSection
	GlobalSection(ProjectConfigurationPlatforms) = postSolution
		{21BC57E9-7F5E-45EF-9BB3-200DC6511CA0}.Debug|Any CPU.ActiveCfg = Debug|Any CPU
		{21BC57E9-7F5E-45EF-9BB3-200DC6511CA0}.Debug|Any CPU.Build.0 = Debug|Any CPU
		{21BC57E9-7F5E-45EF-9BB3-200DC6511CA0}.Release|Any CPU.ActiveCfg = Release|Any CPU
		{21BC57E9-7F5E-45EF-9BB3-200DC6511CA0}.Release|Any CPU.Build.0 = Release|Any CPU
	EndGlobalSection
	GlobalSection(SolutionProperties) = preSolution
		HideSolutionNode = FALSE
	EndGlobalSection
	GlobalSection(ExtensibilityGlobals) = postSolution
		SolutionGuid = {377FCCC8-88A7-4859-8E0C-3A5F7B1226D6}
	EndGlobalSection
EndGlobal
